// !$*UTF8*$!
{
	archiveVersion = 1;
	classes = {
	};
	objectVersion = 46;
	objects = {

/* Begin PBXBuildFile section */
		033FFC390F504F6B9C0C8A2C /* Poppins-MediumItalic.otf in Resources */ = {isa = PBXBuildFile; fileRef = 5C451EA56B9049A9A5C74AFC /* Poppins-MediumItalic.otf */; };
		05E954896E98416A98A9B99E /* Poppins-Light.otf in Resources */ = {isa = PBXBuildFile; fileRef = 38F02A2BFF17476BB86D52DA /* Poppins-Light.otf */; };
		06086FF4230C00A200994F22 /* GoogleService-Info.plist in Resources */ = {isa = PBXBuildFile; fileRef = 06086FF2230C00A200994F22 /* GoogleService-Info.plist */; };
		0623D51AD71C48D3B1D0FB2B /* Poppins-Black.otf in Resources */ = {isa = PBXBuildFile; fileRef = 9145349DE2F742ACA8997838 /* Poppins-Black.otf */; };
		0673138022FAB91D0060C566 /* RCTSplashScreen.m in Sources */ = {isa = PBXBuildFile; fileRef = 0673137922FAB91D0060C566 /* RCTSplashScreen.m */; };
		06B9BF7922FC1FC8006E8D89 /* LaunchScreen.storyboard in Resources */ = {isa = PBXBuildFile; fileRef = 06B9BF7822FC1FC8006E8D89 /* LaunchScreen.storyboard */; };
		06CCEEAA22FAB237006CF3AB /* splash.png in Resources */ = {isa = PBXBuildFile; fileRef = 06CCEEA922FAB236006CF3AB /* splash.png */; };
		06CCEEAC22FAB51E006CF3AB /* libPods-klit.a in Frameworks */ = {isa = PBXBuildFile; fileRef = B7FFCE99FD326F6F63149C9F /* libPods-klit.a */; };
		0E17AB25703F4ED6B5313410 /* Avenir-Light.ttf in Resources */ = {isa = PBXBuildFile; fileRef = A3DA468C6B2245E0ADAA06AE /* Avenir-Light.ttf */; };
		13B07FBC1A68108700A75B9A /* AppDelegate.m in Sources */ = {isa = PBXBuildFile; fileRef = 13B07FB01A68108700A75B9A /* AppDelegate.m */; };
		13B07FBF1A68108700A75B9A /* Images.xcassets in Resources */ = {isa = PBXBuildFile; fileRef = 13B07FB51A68108700A75B9A /* Images.xcassets */; };
		13B07FC11A68108700A75B9A /* main.m in Sources */ = {isa = PBXBuildFile; fileRef = 13B07FB71A68108700A75B9A /* main.m */; };
		1E34732D6D7E4FE1A2CC81EE /* Poppins-ExtraLightItalic.otf in Resources */ = {isa = PBXBuildFile; fileRef = CF589B6E34684D88A07325FC /* Poppins-ExtraLightItalic.otf */; };
		1FFBBB7AC5244BA7914BE958 /* Poppins-Regular.otf in Resources */ = {isa = PBXBuildFile; fileRef = 04ED0551BE054BF890556FCF /* Poppins-Regular.otf */; };
		2BB721D029514D9093865850 /* Poppins-LightItalic.otf in Resources */ = {isa = PBXBuildFile; fileRef = E3824EFCFC2240B08881011E /* Poppins-LightItalic.otf */; };
		2DC539E5E522447BA9964584 /* Poppins-ExtraBoldItalic.otf in Resources */ = {isa = PBXBuildFile; fileRef = 62530A8DA2604D4D9AA07643 /* Poppins-ExtraBoldItalic.otf */; };
		3169057ABCDE4BA4A788FBAE /* Ionicons.ttf in Resources */ = {isa = PBXBuildFile; fileRef = A2534040CD244D07A42BB570 /* Ionicons.ttf */; };
		359F1F7AD7D84A88A7ACEF94 /* FontAwesome5_Regular.ttf in Resources */ = {isa = PBXBuildFile; fileRef = 5B8757C6296B4285BF20B953 /* FontAwesome5_Regular.ttf */; };
		364B42AC977D4396A4FBC226 /* Poppins-Bold.otf in Resources */ = {isa = PBXBuildFile; fileRef = 67CEC17FBCD94DA3B3A21401 /* Poppins-Bold.otf */; };
		394682C87E424A75B14938C5 /* Poppins-BoldItalic.otf in Resources */ = {isa = PBXBuildFile; fileRef = 0C5B5BB8EB1340F7ADE3F036 /* Poppins-BoldItalic.otf */; };
		3AC3E26C6F73461AB1275E3F /* Poppins-BlackItalic.otf in Resources */ = {isa = PBXBuildFile; fileRef = 981EAD4905224AA0ACE5283C /* Poppins-BlackItalic.otf */; };
		3C60E355FD9D4FD5AEB6DA34 /* Poppins-ExtraLight.otf in Resources */ = {isa = PBXBuildFile; fileRef = 8DE5AD1BF1E6457489B74A19 /* Poppins-ExtraLight.otf */; };
		3F6AC3C1CA4941AABE36D414 /* ProximaNova-SemiBold.otf in Resources */ = {isa = PBXBuildFile; fileRef = 62209AD6390942BDA677C668 /* ProximaNova-SemiBold.otf */; };
		4234EF919DB74477A31F025E /* MaterialCommunityIcons.ttf in Resources */ = {isa = PBXBuildFile; fileRef = 9F90CFD1202144479FCEC162 /* MaterialCommunityIcons.ttf */; };
		460D2432A46D4D42B6263D46 /* Feather.ttf in Resources */ = {isa = PBXBuildFile; fileRef = A544915BB0B44A4DA64B682D /* Feather.ttf */; };
		4D4942B581FC4B3682D62CF8 /* Poppins-Medium.otf in Resources */ = {isa = PBXBuildFile; fileRef = 82B44588CDB04FB5A9E455E8 /* Poppins-Medium.otf */; };
		52BA90676545481D956CDB61 /* AvenirLTStd-Roman.otf in Resources */ = {isa = PBXBuildFile; fileRef = 602CA6E22F424550B1E692FB /* AvenirLTStd-Roman.otf */; };
		534216696B5C4EBDA5ADB066 /* AvenirLTStd-Book.otf in Resources */ = {isa = PBXBuildFile; fileRef = 74F8A321A79C424DAD2B4F05 /* AvenirLTStd-Book.otf */; };
		5547996538BA49F483A81992 /* Entypo.ttf in Resources */ = {isa = PBXBuildFile; fileRef = FD85A4E5A1A94B0A9B16B0C1 /* Entypo.ttf */; };
		59909CF7BA0D445BAB7058DB /* EvilIcons.ttf in Resources */ = {isa = PBXBuildFile; fileRef = 9BBEB175C2FB40A28E7FA6A4 /* EvilIcons.ttf */; };
		5FC7A37B14BB42659A79BE1B /* Avenir-Medium.ttf in Resources */ = {isa = PBXBuildFile; fileRef = 90D19B98B00B44DD9C7AA954 /* Avenir-Medium.ttf */; };
		6FF38DB1564C4F15981D6DCD /* Poppins-Italic.otf in Resources */ = {isa = PBXBuildFile; fileRef = B15CBF31B54A4AE5AD6EA508 /* Poppins-Italic.otf */; };
		7639317215A2456C8760BD7C /* FontAwesome.ttf in Resources */ = {isa = PBXBuildFile; fileRef = E5548796A00348338275D208 /* FontAwesome.ttf */; };
		8D49D0B9966044C091274E4A /* Fontisto.ttf in Resources */ = {isa = PBXBuildFile; fileRef = C71B8AEA0C434924A9DD4B20 /* Fontisto.ttf */; };
		973D81CE28AD47B69D2C4588 /* Avenir-Book.ttf in Resources */ = {isa = PBXBuildFile; fileRef = E8974EA67EBF4D7DAAB0FB21 /* Avenir-Book.ttf */; };
		9C0626E8F55E43509449C646 /* Foundation.ttf in Resources */ = {isa = PBXBuildFile; fileRef = 7A27AADB43754F9697AD29C8 /* Foundation.ttf */; };
		A15A20D5D9CD480DB286AEA9 /* FontAwesome5_Brands.ttf in Resources */ = {isa = PBXBuildFile; fileRef = 9679DCB6ED4547058CB4245B /* FontAwesome5_Brands.ttf */; };
		A1FFA8FC33A94FD7B7556D5E /* Octicons.ttf in Resources */ = {isa = PBXBuildFile; fileRef = E768B13D2A9B4746BEBF5013 /* Octicons.ttf */; };
		A5CDB462E219426AADEFB9C3 /* Poppins-ThinItalic.otf in Resources */ = {isa = PBXBuildFile; fileRef = F9E7946994A54FFEBADF2F03 /* Poppins-ThinItalic.otf */; };
		AB7BDA1BB6A64BB8B20F856A /* Poppins-SemiBold.otf in Resources */ = {isa = PBXBuildFile; fileRef = C71DC7E330AA4D13969A9DF9 /* Poppins-SemiBold.otf */; };
		AC8EDED71F39403885658EA5 /* AntDesign.ttf in Resources */ = {isa = PBXBuildFile; fileRef = E2DFF3E006E64DFC99788C23 /* AntDesign.ttf */; };
		B42F090E4662493AAFD1220D /* Poppins-Thin.otf in Resources */ = {isa = PBXBuildFile; fileRef = D03850FD6BFD45168077209D /* Poppins-Thin.otf */; };
		C2E2046BC9104277AC743ABF /* Poppins-ExtraBold.otf in Resources */ = {isa = PBXBuildFile; fileRef = C264C275E86249DA9C63BC98 /* Poppins-ExtraBold.otf */; };
		DFBBB2545C664E0598C97DF4 /* Zocial.ttf in Resources */ = {isa = PBXBuildFile; fileRef = 0E2BB7F7DAAE4F3BB77CD717 /* Zocial.ttf */; };
		E1B74673252442B3B3E07C78 /* SimpleLineIcons.ttf in Resources */ = {isa = PBXBuildFile; fileRef = CA5490853EDA497B88269DE0 /* SimpleLineIcons.ttf */; };
		E87783692472F1AD00C5F75E /* AppInstallDateManager.m in Sources */ = {isa = PBXBuildFile; fileRef = E87783662472F1AD00C5F75E /* AppInstallDateManager.m */; };
		E8EA6720245A256200800AFD /* AppCenter-Config.plist in Resources */ = {isa = PBXBuildFile; fileRef = E8EA671E245A256200800AFD /* AppCenter-Config.plist */; };
		EFB22AA7BEEA40A9AA433589 /* FontAwesome5_Solid.ttf in Resources */ = {isa = PBXBuildFile; fileRef = 2CAAD49363DC4B2FB4A5A557 /* FontAwesome5_Solid.ttf */; };
		F868BDA0AEF5455BA47FC363 /* Poppins-SemiBoldItalic.otf in Resources */ = {isa = PBXBuildFile; fileRef = 845A8BBBEB8B46258555A4D0 /* Poppins-SemiBoldItalic.otf */; };
		F916103F039846259946EC5C /* AvenirLTStd-Black.otf in Resources */ = {isa = PBXBuildFile; fileRef = 5EBE2F630F054E92BE69F77A /* AvenirLTStd-Black.otf */; };
		FF801EC7460F4143B3A8CD06 /* MaterialIcons.ttf in Resources */ = {isa = PBXBuildFile; fileRef = A74CDC66C22E4C858CDEB29C /* MaterialIcons.ttf */; };
/* End PBXBuildFile section */

/* Begin PBXContainerItemProxy section */
		0673137E22FAB91D0060C566 /* PBXContainerItemProxy */ = {
			isa = PBXContainerItemProxy;
			containerPortal = 0673137A22FAB91D0060C566 /* RCTSplashScreen.xcodeproj */;
			proxyType = 2;
			remoteGlobalIDString = 9F90C2241D619E9400F3E238;
			remoteInfo = RCTSplashScreen;
		};
/* End PBXContainerItemProxy section */

/* Begin PBXFileReference section */
		008F07F21AC5B25A0029DE68 /* main.jsbundle */ = {isa = PBXFileReference; fileEncoding = 4; lastKnownFileType = text; path = main.jsbundle; sourceTree = "<group>"; };
		00E356F11AD99517003FC87E /* Info.plist */ = {isa = PBXFileReference; lastKnownFileType = text.plist.xml; path = Info.plist; sourceTree = "<group>"; };
		00E356F21AD99517003FC87E /* klitTests.m */ = {isa = PBXFileReference; lastKnownFileType = sourcecode.c.objc; path = klitTests.m; sourceTree = "<group>"; };
		04ED0551BE054BF890556FCF /* Poppins-Regular.otf */ = {isa = PBXFileReference; explicitFileType = undefined; fileEncoding = 9; includeInIndex = 0; lastKnownFileType = unknown; name = "Poppins-Regular.otf"; path = "../assets/fonts/Poppins-Regular.otf"; sourceTree = "<group>"; };
		06086FF2230C00A200994F22 /* GoogleService-Info.plist */ = {isa = PBXFileReference; fileEncoding = 4; lastKnownFileType = text.plist.xml; path = "GoogleService-Info.plist"; sourceTree = "<group>"; };
		0613C35423446A83004A4B8D /* klit.entitlements */ = {isa = PBXFileReference; lastKnownFileType = text.plist.entitlements; name = klit.entitlements; path = klit/klit.entitlements; sourceTree = "<group>"; };
		0673137822FAB91D0060C566 /* RCTSplashScreen.h */ = {isa = PBXFileReference; fileEncoding = 4; lastKnownFileType = sourcecode.c.h; path = RCTSplashScreen.h; sourceTree = "<group>"; };
		0673137922FAB91D0060C566 /* RCTSplashScreen.m */ = {isa = PBXFileReference; fileEncoding = 4; lastKnownFileType = sourcecode.c.objc; path = RCTSplashScreen.m; sourceTree = "<group>"; };
		0673137A22FAB91D0060C566 /* RCTSplashScreen.xcodeproj */ = {isa = PBXFileReference; lastKnownFileType = "wrapper.pb-project"; path = RCTSplashScreen.xcodeproj; sourceTree = "<group>"; };
		06AF34BBBE572C43C0FCEDF8 /* libPods-klit-tvOS.a */ = {isa = PBXFileReference; explicitFileType = archive.ar; includeInIndex = 0; path = "libPods-klit-tvOS.a"; sourceTree = BUILT_PRODUCTS_DIR; };
		06B9BF7822FC1FC8006E8D89 /* LaunchScreen.storyboard */ = {isa = PBXFileReference; lastKnownFileType = file.storyboard; path = LaunchScreen.storyboard; sourceTree = "<group>"; };
		06CCEEA922FAB236006CF3AB /* splash.png */ = {isa = PBXFileReference; lastKnownFileType = image.png; name = splash.png; path = ../android/app/src/main/res/drawable/splash.png; sourceTree = "<group>"; };
		096E506A53FAF5234E098953 /* Pods-klit-tvOSTests.release.xcconfig */ = {isa = PBXFileReference; includeInIndex = 1; lastKnownFileType = text.xcconfig; name = "Pods-klit-tvOSTests.release.xcconfig"; path = "Target Support Files/Pods-klit-tvOSTests/Pods-klit-tvOSTests.release.xcconfig"; sourceTree = "<group>"; };
		0C5B5BB8EB1340F7ADE3F036 /* Poppins-BoldItalic.otf */ = {isa = PBXFileReference; explicitFileType = undefined; fileEncoding = 9; includeInIndex = 0; lastKnownFileType = unknown; name = "Poppins-BoldItalic.otf"; path = "../assets/fonts/Poppins-BoldItalic.otf"; sourceTree = "<group>"; };
		0E2BB7F7DAAE4F3BB77CD717 /* Zocial.ttf */ = {isa = PBXFileReference; explicitFileType = undefined; fileEncoding = 9; includeInIndex = 0; lastKnownFileType = unknown; name = Zocial.ttf; path = "../node_modules/react-native-vector-icons/Fonts/Zocial.ttf"; sourceTree = "<group>"; };
		13B07F961A680F5B00A75B9A /* klit.app */ = {isa = PBXFileReference; explicitFileType = wrapper.application; includeInIndex = 0; path = klit.app; sourceTree = BUILT_PRODUCTS_DIR; };
		13B07FAF1A68108700A75B9A /* AppDelegate.h */ = {isa = PBXFileReference; fileEncoding = 4; lastKnownFileType = sourcecode.c.h; name = AppDelegate.h; path = klit/AppDelegate.h; sourceTree = "<group>"; };
		13B07FB01A68108700A75B9A /* AppDelegate.m */ = {isa = PBXFileReference; fileEncoding = 4; lastKnownFileType = sourcecode.c.objc; name = AppDelegate.m; path = klit/AppDelegate.m; sourceTree = "<group>"; };
		13B07FB51A68108700A75B9A /* Images.xcassets */ = {isa = PBXFileReference; lastKnownFileType = folder.assetcatalog; name = Images.xcassets; path = klit/Images.xcassets; sourceTree = "<group>"; };
		13B07FB61A68108700A75B9A /* Info.plist */ = {isa = PBXFileReference; fileEncoding = 4; lastKnownFileType = text.plist.xml; name = Info.plist; path = klit/Info.plist; sourceTree = "<group>"; };
		13B07FB71A68108700A75B9A /* main.m */ = {isa = PBXFileReference; fileEncoding = 4; lastKnownFileType = sourcecode.c.objc; name = main.m; path = klit/main.m; sourceTree = "<group>"; };
		2CAAD49363DC4B2FB4A5A557 /* FontAwesome5_Solid.ttf */ = {isa = PBXFileReference; explicitFileType = undefined; fileEncoding = 9; includeInIndex = 0; lastKnownFileType = unknown; name = FontAwesome5_Solid.ttf; path = "../node_modules/react-native-vector-icons/Fonts/FontAwesome5_Solid.ttf"; sourceTree = "<group>"; };
		38F02A2BFF17476BB86D52DA /* Poppins-Light.otf */ = {isa = PBXFileReference; explicitFileType = undefined; fileEncoding = 9; includeInIndex = 0; lastKnownFileType = unknown; name = "Poppins-Light.otf"; path = "../assets/fonts/Poppins-Light.otf"; sourceTree = "<group>"; };
		42E443A8414875D20E670DF6 /* libPods-klit-tvOSTests.a */ = {isa = PBXFileReference; explicitFileType = archive.ar; includeInIndex = 0; path = "libPods-klit-tvOSTests.a"; sourceTree = BUILT_PRODUCTS_DIR; };
		5B8757C6296B4285BF20B953 /* FontAwesome5_Regular.ttf */ = {isa = PBXFileReference; explicitFileType = undefined; fileEncoding = 9; includeInIndex = 0; lastKnownFileType = unknown; name = FontAwesome5_Regular.ttf; path = "../node_modules/react-native-vector-icons/Fonts/FontAwesome5_Regular.ttf"; sourceTree = "<group>"; };
		5C451EA56B9049A9A5C74AFC /* Poppins-MediumItalic.otf */ = {isa = PBXFileReference; explicitFileType = undefined; fileEncoding = 9; includeInIndex = 0; lastKnownFileType = unknown; name = "Poppins-MediumItalic.otf"; path = "../assets/fonts/Poppins-MediumItalic.otf"; sourceTree = "<group>"; };
		5EBE2F630F054E92BE69F77A /* AvenirLTStd-Black.otf */ = {isa = PBXFileReference; explicitFileType = undefined; fileEncoding = 9; includeInIndex = 0; lastKnownFileType = unknown; name = "AvenirLTStd-Black.otf"; path = "../assets/fonts/AvenirLTStd-Black.otf"; sourceTree = "<group>"; };
		602CA6E22F424550B1E692FB /* AvenirLTStd-Roman.otf */ = {isa = PBXFileReference; explicitFileType = undefined; fileEncoding = 9; includeInIndex = 0; lastKnownFileType = unknown; name = "AvenirLTStd-Roman.otf"; path = "../assets/fonts/AvenirLTStd-Roman.otf"; sourceTree = "<group>"; };
		62209AD6390942BDA677C668 /* ProximaNova-SemiBold.otf */ = {isa = PBXFileReference; explicitFileType = undefined; fileEncoding = 9; includeInIndex = 0; lastKnownFileType = unknown; name = "ProximaNova-SemiBold.otf"; path = "../assets/fonts/ProximaNova-SemiBold.otf"; sourceTree = "<group>"; };
		62530A8DA2604D4D9AA07643 /* Poppins-ExtraBoldItalic.otf */ = {isa = PBXFileReference; explicitFileType = undefined; fileEncoding = 9; includeInIndex = 0; lastKnownFileType = unknown; name = "Poppins-ExtraBoldItalic.otf"; path = "../assets/fonts/Poppins-ExtraBoldItalic.otf"; sourceTree = "<group>"; };
		67CEC17FBCD94DA3B3A21401 /* Poppins-Bold.otf */ = {isa = PBXFileReference; explicitFileType = undefined; fileEncoding = 9; includeInIndex = 0; lastKnownFileType = unknown; name = "Poppins-Bold.otf"; path = "../assets/fonts/Poppins-Bold.otf"; sourceTree = "<group>"; };
		6B0A48574CF9A3657C8D3D6D /* Pods-klit-tvOS.debug.xcconfig */ = {isa = PBXFileReference; includeInIndex = 1; lastKnownFileType = text.xcconfig; name = "Pods-klit-tvOS.debug.xcconfig"; path = "Target Support Files/Pods-klit-tvOS/Pods-klit-tvOS.debug.xcconfig"; sourceTree = "<group>"; };
		74F8A321A79C424DAD2B4F05 /* AvenirLTStd-Book.otf */ = {isa = PBXFileReference; explicitFileType = undefined; fileEncoding = 9; includeInIndex = 0; lastKnownFileType = unknown; name = "AvenirLTStd-Book.otf"; path = "../assets/fonts/AvenirLTStd-Book.otf"; sourceTree = "<group>"; };
		759FEB42B1C3CAE12C64F797 /* Pods-klit.debug.xcconfig */ = {isa = PBXFileReference; includeInIndex = 1; lastKnownFileType = text.xcconfig; name = "Pods-klit.debug.xcconfig"; path = "Target Support Files/Pods-klit/Pods-klit.debug.xcconfig"; sourceTree = "<group>"; };
		7A27AADB43754F9697AD29C8 /* Foundation.ttf */ = {isa = PBXFileReference; explicitFileType = undefined; fileEncoding = 9; includeInIndex = 0; lastKnownFileType = unknown; name = Foundation.ttf; path = "../node_modules/react-native-vector-icons/Fonts/Foundation.ttf"; sourceTree = "<group>"; };
		82B44588CDB04FB5A9E455E8 /* Poppins-Medium.otf */ = {isa = PBXFileReference; explicitFileType = undefined; fileEncoding = 9; includeInIndex = 0; lastKnownFileType = unknown; name = "Poppins-Medium.otf"; path = "../assets/fonts/Poppins-Medium.otf"; sourceTree = "<group>"; };
		845A8BBBEB8B46258555A4D0 /* Poppins-SemiBoldItalic.otf */ = {isa = PBXFileReference; explicitFileType = undefined; fileEncoding = 9; includeInIndex = 0; lastKnownFileType = unknown; name = "Poppins-SemiBoldItalic.otf"; path = "../assets/fonts/Poppins-SemiBoldItalic.otf"; sourceTree = "<group>"; };
		8DE5AD1BF1E6457489B74A19 /* Poppins-ExtraLight.otf */ = {isa = PBXFileReference; explicitFileType = undefined; fileEncoding = 9; includeInIndex = 0; lastKnownFileType = unknown; name = "Poppins-ExtraLight.otf"; path = "../assets/fonts/Poppins-ExtraLight.otf"; sourceTree = "<group>"; };
		90D19B98B00B44DD9C7AA954 /* Avenir-Medium.ttf */ = {isa = PBXFileReference; explicitFileType = undefined; fileEncoding = 9; includeInIndex = 0; lastKnownFileType = unknown; name = "Avenir-Medium.ttf"; path = "../assets/fonts/Avenir-Medium.ttf"; sourceTree = "<group>"; };
		9145349DE2F742ACA8997838 /* Poppins-Black.otf */ = {isa = PBXFileReference; explicitFileType = undefined; fileEncoding = 9; includeInIndex = 0; lastKnownFileType = unknown; name = "Poppins-Black.otf"; path = "../assets/fonts/Poppins-Black.otf"; sourceTree = "<group>"; };
		9679DCB6ED4547058CB4245B /* FontAwesome5_Brands.ttf */ = {isa = PBXFileReference; explicitFileType = undefined; fileEncoding = 9; includeInIndex = 0; lastKnownFileType = unknown; name = FontAwesome5_Brands.ttf; path = "../node_modules/react-native-vector-icons/Fonts/FontAwesome5_Brands.ttf"; sourceTree = "<group>"; };
		981EAD4905224AA0ACE5283C /* Poppins-BlackItalic.otf */ = {isa = PBXFileReference; explicitFileType = undefined; fileEncoding = 9; includeInIndex = 0; lastKnownFileType = unknown; name = "Poppins-BlackItalic.otf"; path = "../assets/fonts/Poppins-BlackItalic.otf"; sourceTree = "<group>"; };
		9BBEB175C2FB40A28E7FA6A4 /* EvilIcons.ttf */ = {isa = PBXFileReference; explicitFileType = undefined; fileEncoding = 9; includeInIndex = 0; lastKnownFileType = unknown; name = EvilIcons.ttf; path = "../node_modules/react-native-vector-icons/Fonts/EvilIcons.ttf"; sourceTree = "<group>"; };
		9F320EFC5B45D457D31A1C2C /* Pods-klit-tvOSTests.debug.xcconfig */ = {isa = PBXFileReference; includeInIndex = 1; lastKnownFileType = text.xcconfig; name = "Pods-klit-tvOSTests.debug.xcconfig"; path = "Target Support Files/Pods-klit-tvOSTests/Pods-klit-tvOSTests.debug.xcconfig"; sourceTree = "<group>"; };
		9F90CFD1202144479FCEC162 /* MaterialCommunityIcons.ttf */ = {isa = PBXFileReference; explicitFileType = undefined; fileEncoding = 9; includeInIndex = 0; lastKnownFileType = unknown; name = MaterialCommunityIcons.ttf; path = "../node_modules/react-native-vector-icons/Fonts/MaterialCommunityIcons.ttf"; sourceTree = "<group>"; };
		A2534040CD244D07A42BB570 /* Ionicons.ttf */ = {isa = PBXFileReference; explicitFileType = undefined; fileEncoding = 9; includeInIndex = 0; lastKnownFileType = unknown; name = Ionicons.ttf; path = "../node_modules/react-native-vector-icons/Fonts/Ionicons.ttf"; sourceTree = "<group>"; };
		A3DA468C6B2245E0ADAA06AE /* Avenir-Light.ttf */ = {isa = PBXFileReference; explicitFileType = undefined; fileEncoding = 9; includeInIndex = 0; lastKnownFileType = unknown; name = "Avenir-Light.ttf"; path = "../assets/fonts/Avenir-Light.ttf"; sourceTree = "<group>"; };
		A544915BB0B44A4DA64B682D /* Feather.ttf */ = {isa = PBXFileReference; explicitFileType = undefined; fileEncoding = 9; includeInIndex = 0; lastKnownFileType = unknown; name = Feather.ttf; path = "../node_modules/react-native-vector-icons/Fonts/Feather.ttf"; sourceTree = "<group>"; };
		A74CDC66C22E4C858CDEB29C /* MaterialIcons.ttf */ = {isa = PBXFileReference; explicitFileType = undefined; fileEncoding = 9; includeInIndex = 0; lastKnownFileType = unknown; name = MaterialIcons.ttf; path = "../node_modules/react-native-vector-icons/Fonts/MaterialIcons.ttf"; sourceTree = "<group>"; };
		B15CBF31B54A4AE5AD6EA508 /* Poppins-Italic.otf */ = {isa = PBXFileReference; explicitFileType = undefined; fileEncoding = 9; includeInIndex = 0; lastKnownFileType = unknown; name = "Poppins-Italic.otf"; path = "../assets/fonts/Poppins-Italic.otf"; sourceTree = "<group>"; };
		B7FFCE99FD326F6F63149C9F /* libPods-klit.a */ = {isa = PBXFileReference; explicitFileType = archive.ar; includeInIndex = 0; path = "libPods-klit.a"; sourceTree = BUILT_PRODUCTS_DIR; };
		BAEA4CED707663077F046A95 /* libPods-klitTests.a */ = {isa = PBXFileReference; explicitFileType = archive.ar; includeInIndex = 0; path = "libPods-klitTests.a"; sourceTree = BUILT_PRODUCTS_DIR; };
		BDB173D2487EFF8FC9D49E31 /* Pods-klitTests.release.xcconfig */ = {isa = PBXFileReference; includeInIndex = 1; lastKnownFileType = text.xcconfig; name = "Pods-klitTests.release.xcconfig"; path = "Target Support Files/Pods-klitTests/Pods-klitTests.release.xcconfig"; sourceTree = "<group>"; };
		C264C275E86249DA9C63BC98 /* Poppins-ExtraBold.otf */ = {isa = PBXFileReference; explicitFileType = undefined; fileEncoding = 9; includeInIndex = 0; lastKnownFileType = unknown; name = "Poppins-ExtraBold.otf"; path = "../assets/fonts/Poppins-ExtraBold.otf"; sourceTree = "<group>"; };
		C71B8AEA0C434924A9DD4B20 /* Fontisto.ttf */ = {isa = PBXFileReference; explicitFileType = undefined; fileEncoding = 9; includeInIndex = 0; lastKnownFileType = unknown; name = Fontisto.ttf; path = "../node_modules/react-native-vector-icons/Fonts/Fontisto.ttf"; sourceTree = "<group>"; };
		C71DC7E330AA4D13969A9DF9 /* Poppins-SemiBold.otf */ = {isa = PBXFileReference; explicitFileType = undefined; fileEncoding = 9; includeInIndex = 0; lastKnownFileType = unknown; name = "Poppins-SemiBold.otf"; path = "../assets/fonts/Poppins-SemiBold.otf"; sourceTree = "<group>"; };
		CA5490853EDA497B88269DE0 /* SimpleLineIcons.ttf */ = {isa = PBXFileReference; explicitFileType = undefined; fileEncoding = 9; includeInIndex = 0; lastKnownFileType = unknown; name = SimpleLineIcons.ttf; path = "../node_modules/react-native-vector-icons/Fonts/SimpleLineIcons.ttf"; sourceTree = "<group>"; };
		CA5B36B8F275C43550AF7B14 /* Pods-klitTests.debug.xcconfig */ = {isa = PBXFileReference; includeInIndex = 1; lastKnownFileType = text.xcconfig; name = "Pods-klitTests.debug.xcconfig"; path = "Target Support Files/Pods-klitTests/Pods-klitTests.debug.xcconfig"; sourceTree = "<group>"; };
		CF589B6E34684D88A07325FC /* Poppins-ExtraLightItalic.otf */ = {isa = PBXFileReference; explicitFileType = undefined; fileEncoding = 9; includeInIndex = 0; lastKnownFileType = unknown; name = "Poppins-ExtraLightItalic.otf"; path = "../assets/fonts/Poppins-ExtraLightItalic.otf"; sourceTree = "<group>"; };
		D03850FD6BFD45168077209D /* Poppins-Thin.otf */ = {isa = PBXFileReference; explicitFileType = undefined; fileEncoding = 9; includeInIndex = 0; lastKnownFileType = unknown; name = "Poppins-Thin.otf"; path = "../assets/fonts/Poppins-Thin.otf"; sourceTree = "<group>"; };
		D601740A66E5417F75A63193 /* Pods-klit-tvOS.release.xcconfig */ = {isa = PBXFileReference; includeInIndex = 1; lastKnownFileType = text.xcconfig; name = "Pods-klit-tvOS.release.xcconfig"; path = "Target Support Files/Pods-klit-tvOS/Pods-klit-tvOS.release.xcconfig"; sourceTree = "<group>"; };
		E2DFF3E006E64DFC99788C23 /* AntDesign.ttf */ = {isa = PBXFileReference; explicitFileType = undefined; fileEncoding = 9; includeInIndex = 0; lastKnownFileType = unknown; name = AntDesign.ttf; path = "../node_modules/react-native-vector-icons/Fonts/AntDesign.ttf"; sourceTree = "<group>"; };
		E35F831E85E9DE308C6F2AF0 /* Pods-klit.release.xcconfig */ = {isa = PBXFileReference; includeInIndex = 1; lastKnownFileType = text.xcconfig; name = "Pods-klit.release.xcconfig"; path = "Target Support Files/Pods-klit/Pods-klit.release.xcconfig"; sourceTree = "<group>"; };
		E3824EFCFC2240B08881011E /* Poppins-LightItalic.otf */ = {isa = PBXFileReference; explicitFileType = undefined; fileEncoding = 9; includeInIndex = 0; lastKnownFileType = unknown; name = "Poppins-LightItalic.otf"; path = "../assets/fonts/Poppins-LightItalic.otf"; sourceTree = "<group>"; };
		E5548796A00348338275D208 /* FontAwesome.ttf */ = {isa = PBXFileReference; explicitFileType = undefined; fileEncoding = 9; includeInIndex = 0; lastKnownFileType = unknown; name = FontAwesome.ttf; path = "../node_modules/react-native-vector-icons/Fonts/FontAwesome.ttf"; sourceTree = "<group>"; };
		E768B13D2A9B4746BEBF5013 /* Octicons.ttf */ = {isa = PBXFileReference; explicitFileType = undefined; fileEncoding = 9; includeInIndex = 0; lastKnownFileType = unknown; name = Octicons.ttf; path = "../node_modules/react-native-vector-icons/Fonts/Octicons.ttf"; sourceTree = "<group>"; };
		E87783662472F1AD00C5F75E /* AppInstallDateManager.m */ = {isa = PBXFileReference; fileEncoding = 4; lastKnownFileType = sourcecode.c.objc; path = AppInstallDateManager.m; sourceTree = "<group>"; };
		E87783682472F1AD00C5F75E /* AppInstallDate.h */ = {isa = PBXFileReference; fileEncoding = 4; lastKnownFileType = sourcecode.c.h; path = AppInstallDate.h; sourceTree = "<group>"; };
		E8974EA67EBF4D7DAAB0FB21 /* Avenir-Book.ttf */ = {isa = PBXFileReference; explicitFileType = undefined; fileEncoding = 9; includeInIndex = 0; lastKnownFileType = unknown; name = "Avenir-Book.ttf"; path = "../assets/fonts/Avenir-Book.ttf"; sourceTree = "<group>"; };
		E8EA671E245A256200800AFD /* AppCenter-Config.plist */ = {isa = PBXFileReference; fileEncoding = 4; lastKnownFileType = text.plist.xml; path = "AppCenter-Config.plist"; sourceTree = "<group>"; };
		E8F9E4FD246B2BE600822F21 /* FBSDKShareKit.framework */ = {isa = PBXFileReference; lastKnownFileType = wrapper.framework; path = FBSDKShareKit.framework; sourceTree = "<group>"; };
		E8F9E500246B2C0E00822F21 /* FBSDKLoginKit.framework */ = {isa = PBXFileReference; lastKnownFileType = wrapper.framework; path = FBSDKLoginKit.framework; sourceTree = "<group>"; };
		E8F9E502246B2C1B00822F21 /* FBSDKCoreKit.framework */ = {isa = PBXFileReference; lastKnownFileType = wrapper.framework; path = FBSDKCoreKit.framework; sourceTree = "<group>"; };
		ED297162215061F000B7C4FE /* JavaScriptCore.framework */ = {isa = PBXFileReference; lastKnownFileType = wrapper.framework; name = JavaScriptCore.framework; path = System/Library/Frameworks/JavaScriptCore.framework; sourceTree = SDKROOT; };
		ED2971642150620600B7C4FE /* JavaScriptCore.framework */ = {isa = PBXFileReference; lastKnownFileType = wrapper.framework; name = JavaScriptCore.framework; path = Platforms/AppleTVOS.platform/Developer/SDKs/AppleTVOS12.0.sdk/System/Library/Frameworks/JavaScriptCore.framework; sourceTree = DEVELOPER_DIR; };
		F9E7946994A54FFEBADF2F03 /* Poppins-ThinItalic.otf */ = {isa = PBXFileReference; explicitFileType = undefined; fileEncoding = 9; includeInIndex = 0; lastKnownFileType = unknown; name = "Poppins-ThinItalic.otf"; path = "../assets/fonts/Poppins-ThinItalic.otf"; sourceTree = "<group>"; };
		FD85A4E5A1A94B0A9B16B0C1 /* Entypo.ttf */ = {isa = PBXFileReference; explicitFileType = undefined; fileEncoding = 9; includeInIndex = 0; lastKnownFileType = unknown; name = Entypo.ttf; path = "../node_modules/react-native-vector-icons/Fonts/Entypo.ttf"; sourceTree = "<group>"; };
/* End PBXFileReference section */

/* Begin PBXFrameworksBuildPhase section */
		13B07F8C1A680F5B00A75B9A /* Frameworks */ = {
			isa = PBXFrameworksBuildPhase;
			buildActionMask = 2147483647;
			files = (
				06CCEEAC22FAB51E006CF3AB /* libPods-klit.a in Frameworks */,
			);
			runOnlyForDeploymentPostprocessing = 0;
		};
/* End PBXFrameworksBuildPhase section */

/* Begin PBXGroup section */
		00E356EF1AD99517003FC87E /* klitTests */ = {
			isa = PBXGroup;
			children = (
				00E356F21AD99517003FC87E /* klitTests.m */,
				00E356F01AD99517003FC87E /* Supporting Files */,
			);
			path = klitTests;
			sourceTree = "<group>";
		};
		00E356F01AD99517003FC87E /* Supporting Files */ = {
			isa = PBXGroup;
			children = (
				00E356F11AD99517003FC87E /* Info.plist */,
			);
			name = "Supporting Files";
			sourceTree = "<group>";
		};
		0673137622FAB91D0060C566 /* RCTSplashScreen */ = {
			isa = PBXGroup;
			children = (
				0673137722FAB91D0060C566 /* RCTSplashScreen */,
				0673137A22FAB91D0060C566 /* RCTSplashScreen.xcodeproj */,
			);
			name = RCTSplashScreen;
			path = "../node_modules/react-native-smart-splash-screen/ios/RCTSplashScreen";
			sourceTree = "<group>";
		};
		0673137722FAB91D0060C566 /* RCTSplashScreen */ = {
			isa = PBXGroup;
			children = (
				0673137822FAB91D0060C566 /* RCTSplashScreen.h */,
				0673137922FAB91D0060C566 /* RCTSplashScreen.m */,
			);
			path = RCTSplashScreen;
			sourceTree = "<group>";
		};
		0673137B22FAB91D0060C566 /* Products */ = {
			isa = PBXGroup;
			children = (
				0673137F22FAB91D0060C566 /* libRCTSplashScreen.a */,
			);
			name = Products;
			sourceTree = "<group>";
		};
		06CCEEA322FAB1E3006CF3AB /* Recovered References */ = {
			isa = PBXGroup;
			children = (
			);
			name = "Recovered References";
			sourceTree = "<group>";
		};
		13B07FAE1A68108700A75B9A /* klit */ = {
			isa = PBXGroup;
			children = (
				E87783682472F1AD00C5F75E /* AppInstallDate.h */,
				E87783662472F1AD00C5F75E /* AppInstallDateManager.m */,
				0613C35423446A83004A4B8D /* klit.entitlements */,
				06086FF2230C00A200994F22 /* GoogleService-Info.plist */,
				06CCEEA922FAB236006CF3AB /* splash.png */,
				E8EA671E245A256200800AFD /* AppCenter-Config.plist */,
				008F07F21AC5B25A0029DE68 /* main.jsbundle */,
				13B07FAF1A68108700A75B9A /* AppDelegate.h */,
				13B07FB01A68108700A75B9A /* AppDelegate.m */,
				13B07FB51A68108700A75B9A /* Images.xcassets */,
				13B07FB61A68108700A75B9A /* Info.plist */,
				13B07FB71A68108700A75B9A /* main.m */,
				06B9BF7822FC1FC8006E8D89 /* LaunchScreen.storyboard */,
			);
			name = klit;
			sourceTree = "<group>";
		};
		2D16E6871FA4F8E400B85C8A /* Frameworks */ = {
			isa = PBXGroup;
			children = (
				E8F9E502246B2C1B00822F21 /* FBSDKCoreKit.framework */,
				E8F9E500246B2C0E00822F21 /* FBSDKLoginKit.framework */,
				E8F9E4FD246B2BE600822F21 /* FBSDKShareKit.framework */,
				ED297162215061F000B7C4FE /* JavaScriptCore.framework */,
				ED2971642150620600B7C4FE /* JavaScriptCore.framework */,
				B7FFCE99FD326F6F63149C9F /* libPods-klit.a */,
				06AF34BBBE572C43C0FCEDF8 /* libPods-klit-tvOS.a */,
				42E443A8414875D20E670DF6 /* libPods-klit-tvOSTests.a */,
				BAEA4CED707663077F046A95 /* libPods-klitTests.a */,
			);
			name = Frameworks;
			sourceTree = "<group>";
		};
		6C7C20B7E6BB211CA0B92EEC /* Pods */ = {
			isa = PBXGroup;
			children = (
				759FEB42B1C3CAE12C64F797 /* Pods-klit.debug.xcconfig */,
				E35F831E85E9DE308C6F2AF0 /* Pods-klit.release.xcconfig */,
				6B0A48574CF9A3657C8D3D6D /* Pods-klit-tvOS.debug.xcconfig */,
				D601740A66E5417F75A63193 /* Pods-klit-tvOS.release.xcconfig */,
				9F320EFC5B45D457D31A1C2C /* Pods-klit-tvOSTests.debug.xcconfig */,
				096E506A53FAF5234E098953 /* Pods-klit-tvOSTests.release.xcconfig */,
				CA5B36B8F275C43550AF7B14 /* Pods-klitTests.debug.xcconfig */,
				BDB173D2487EFF8FC9D49E31 /* Pods-klitTests.release.xcconfig */,
			);
			path = Pods;
			sourceTree = "<group>";
		};
		832341AE1AAA6A7D00B99B32 /* Libraries */ = {
			isa = PBXGroup;
			children = (
				0673137622FAB91D0060C566 /* RCTSplashScreen */,
			);
			name = Libraries;
			sourceTree = "<group>";
		};
		83CBB9F61A601CBA00E9B192 = {
			isa = PBXGroup;
			children = (
				13B07FAE1A68108700A75B9A /* klit */,
				832341AE1AAA6A7D00B99B32 /* Libraries */,
				00E356EF1AD99517003FC87E /* klitTests */,
				83CBBA001A601CBA00E9B192 /* Products */,
				2D16E6871FA4F8E400B85C8A /* Frameworks */,
				6C7C20B7E6BB211CA0B92EEC /* Pods */,
				06CCEEA322FAB1E3006CF3AB /* Recovered References */,
				AADE08FFD3AC4F8495E314F2 /* Resources */,
			);
			indentWidth = 2;
			sourceTree = "<group>";
			tabWidth = 2;
			usesTabs = 0;
		};
		83CBBA001A601CBA00E9B192 /* Products */ = {
			isa = PBXGroup;
			children = (
				13B07F961A680F5B00A75B9A /* klit.app */,
			);
			name = Products;
			sourceTree = "<group>";
		};
		AADE08FFD3AC4F8495E314F2 /* Resources */ = {
			isa = PBXGroup;
			children = (
				5EBE2F630F054E92BE69F77A /* AvenirLTStd-Black.otf */,
				74F8A321A79C424DAD2B4F05 /* AvenirLTStd-Book.otf */,
				602CA6E22F424550B1E692FB /* AvenirLTStd-Roman.otf */,
				9145349DE2F742ACA8997838 /* Poppins-Black.otf */,
				981EAD4905224AA0ACE5283C /* Poppins-BlackItalic.otf */,
				67CEC17FBCD94DA3B3A21401 /* Poppins-Bold.otf */,
				0C5B5BB8EB1340F7ADE3F036 /* Poppins-BoldItalic.otf */,
				C264C275E86249DA9C63BC98 /* Poppins-ExtraBold.otf */,
				62530A8DA2604D4D9AA07643 /* Poppins-ExtraBoldItalic.otf */,
				8DE5AD1BF1E6457489B74A19 /* Poppins-ExtraLight.otf */,
				CF589B6E34684D88A07325FC /* Poppins-ExtraLightItalic.otf */,
				B15CBF31B54A4AE5AD6EA508 /* Poppins-Italic.otf */,
				38F02A2BFF17476BB86D52DA /* Poppins-Light.otf */,
				E3824EFCFC2240B08881011E /* Poppins-LightItalic.otf */,
				82B44588CDB04FB5A9E455E8 /* Poppins-Medium.otf */,
				5C451EA56B9049A9A5C74AFC /* Poppins-MediumItalic.otf */,
				04ED0551BE054BF890556FCF /* Poppins-Regular.otf */,
				C71DC7E330AA4D13969A9DF9 /* Poppins-SemiBold.otf */,
				845A8BBBEB8B46258555A4D0 /* Poppins-SemiBoldItalic.otf */,
				D03850FD6BFD45168077209D /* Poppins-Thin.otf */,
				F9E7946994A54FFEBADF2F03 /* Poppins-ThinItalic.otf */,
				E2DFF3E006E64DFC99788C23 /* AntDesign.ttf */,
				FD85A4E5A1A94B0A9B16B0C1 /* Entypo.ttf */,
				9BBEB175C2FB40A28E7FA6A4 /* EvilIcons.ttf */,
				A544915BB0B44A4DA64B682D /* Feather.ttf */,
				E5548796A00348338275D208 /* FontAwesome.ttf */,
				9679DCB6ED4547058CB4245B /* FontAwesome5_Brands.ttf */,
				5B8757C6296B4285BF20B953 /* FontAwesome5_Regular.ttf */,
				2CAAD49363DC4B2FB4A5A557 /* FontAwesome5_Solid.ttf */,
				C71B8AEA0C434924A9DD4B20 /* Fontisto.ttf */,
				7A27AADB43754F9697AD29C8 /* Foundation.ttf */,
				A2534040CD244D07A42BB570 /* Ionicons.ttf */,
				9F90CFD1202144479FCEC162 /* MaterialCommunityIcons.ttf */,
				A74CDC66C22E4C858CDEB29C /* MaterialIcons.ttf */,
				E768B13D2A9B4746BEBF5013 /* Octicons.ttf */,
				CA5490853EDA497B88269DE0 /* SimpleLineIcons.ttf */,
				0E2BB7F7DAAE4F3BB77CD717 /* Zocial.ttf */,
				90D19B98B00B44DD9C7AA954 /* Avenir-Medium.ttf */,
				E8974EA67EBF4D7DAAB0FB21 /* Avenir-Book.ttf */,
				62209AD6390942BDA677C668 /* ProximaNova-SemiBold.otf */,
				A3DA468C6B2245E0ADAA06AE /* Avenir-Light.ttf */,
			);
			name = Resources;
			sourceTree = "<group>";
		};
/* End PBXGroup section */

/* Begin PBXNativeTarget section */
		13B07F861A680F5B00A75B9A /* klit */ = {
			isa = PBXNativeTarget;
			buildConfigurationList = 13B07F931A680F5B00A75B9A /* Build configuration list for PBXNativeTarget "klit" */;
			buildPhases = (
				A4ADDDE0686B7955645333C8 /* [CP] Check Pods Manifest.lock */,
				FD10A7F022414F080027D42C /* Start Packager */,
				13B07F871A680F5B00A75B9A /* Sources */,
				13B07F8C1A680F5B00A75B9A /* Frameworks */,
				13B07F8E1A680F5B00A75B9A /* Resources */,
				00DD1BFF1BD5951E006B06BC /* Bundle React Native code and images */,
				3402EC19C37B2F6789ED78D7 /* [CP] Copy Pods Resources */,
			);
			buildRules = (
			);
			dependencies = (
			);
			name = klit;
			productName = klit;
			productReference = 13B07F961A680F5B00A75B9A /* klit.app */;
			productType = "com.apple.product-type.application";
		};
/* End PBXNativeTarget section */

/* Begin PBXProject section */
		83CBB9F71A601CBA00E9B192 /* Project object */ = {
			isa = PBXProject;
			attributes = {
				LastUpgradeCheck = 1020;
				ORGANIZATIONNAME = Facebook;
				TargetAttributes = {
					13B07F861A680F5B00A75B9A = {
						DevelopmentTeam = P8NZSAW4X8;
						ProvisioningStyle = Manual;
						SystemCapabilities = {
							com.apple.Push = {
								enabled = 1;
							};
						};
					};
				};
			};
			buildConfigurationList = 83CBB9FA1A601CBA00E9B192 /* Build configuration list for PBXProject "klit" */;
			compatibilityVersion = "Xcode 3.2";
			developmentRegion = en;
			hasScannedForEncodings = 0;
			knownRegions = (
				en,
				Base,
			);
			mainGroup = 83CBB9F61A601CBA00E9B192;
			productRefGroup = 83CBBA001A601CBA00E9B192 /* Products */;
			projectDirPath = "";
			projectReferences = (
				{
					ProductGroup = 0673137B22FAB91D0060C566 /* Products */;
					ProjectRef = 0673137A22FAB91D0060C566 /* RCTSplashScreen.xcodeproj */;
				},
			);
			projectRoot = "";
			targets = (
				13B07F861A680F5B00A75B9A /* klit */,
			);
		};
/* End PBXProject section */

/* Begin PBXReferenceProxy section */
		0673137F22FAB91D0060C566 /* libRCTSplashScreen.a */ = {
			isa = PBXReferenceProxy;
			fileType = archive.ar;
			path = libRCTSplashScreen.a;
			remoteRef = 0673137E22FAB91D0060C566 /* PBXContainerItemProxy */;
			sourceTree = BUILT_PRODUCTS_DIR;
		};
/* End PBXReferenceProxy section */

/* Begin PBXResourcesBuildPhase section */
		13B07F8E1A680F5B00A75B9A /* Resources */ = {
			isa = PBXResourcesBuildPhase;
			buildActionMask = 2147483647;
			files = (
				06B9BF7922FC1FC8006E8D89 /* LaunchScreen.storyboard in Resources */,
				06CCEEAA22FAB237006CF3AB /* splash.png in Resources */,
				13B07FBF1A68108700A75B9A /* Images.xcassets in Resources */,
				F916103F039846259946EC5C /* AvenirLTStd-Black.otf in Resources */,
				534216696B5C4EBDA5ADB066 /* AvenirLTStd-Book.otf in Resources */,
				52BA90676545481D956CDB61 /* AvenirLTStd-Roman.otf in Resources */,
				0623D51AD71C48D3B1D0FB2B /* Poppins-Black.otf in Resources */,
				3AC3E26C6F73461AB1275E3F /* Poppins-BlackItalic.otf in Resources */,
				364B42AC977D4396A4FBC226 /* Poppins-Bold.otf in Resources */,
				394682C87E424A75B14938C5 /* Poppins-BoldItalic.otf in Resources */,
				C2E2046BC9104277AC743ABF /* Poppins-ExtraBold.otf in Resources */,
				2DC539E5E522447BA9964584 /* Poppins-ExtraBoldItalic.otf in Resources */,
				3C60E355FD9D4FD5AEB6DA34 /* Poppins-ExtraLight.otf in Resources */,
				1E34732D6D7E4FE1A2CC81EE /* Poppins-ExtraLightItalic.otf in Resources */,
				6FF38DB1564C4F15981D6DCD /* Poppins-Italic.otf in Resources */,
				E8EA6720245A256200800AFD /* AppCenter-Config.plist in Resources */,
				05E954896E98416A98A9B99E /* Poppins-Light.otf in Resources */,
				2BB721D029514D9093865850 /* Poppins-LightItalic.otf in Resources */,
				4D4942B581FC4B3682D62CF8 /* Poppins-Medium.otf in Resources */,
				033FFC390F504F6B9C0C8A2C /* Poppins-MediumItalic.otf in Resources */,
				1FFBBB7AC5244BA7914BE958 /* Poppins-Regular.otf in Resources */,
				AB7BDA1BB6A64BB8B20F856A /* Poppins-SemiBold.otf in Resources */,
				F868BDA0AEF5455BA47FC363 /* Poppins-SemiBoldItalic.otf in Resources */,
				B42F090E4662493AAFD1220D /* Poppins-Thin.otf in Resources */,
				A5CDB462E219426AADEFB9C3 /* Poppins-ThinItalic.otf in Resources */,
				AC8EDED71F39403885658EA5 /* AntDesign.ttf in Resources */,
				5547996538BA49F483A81992 /* Entypo.ttf in Resources */,
				59909CF7BA0D445BAB7058DB /* EvilIcons.ttf in Resources */,
				460D2432A46D4D42B6263D46 /* Feather.ttf in Resources */,
				7639317215A2456C8760BD7C /* FontAwesome.ttf in Resources */,
				A15A20D5D9CD480DB286AEA9 /* FontAwesome5_Brands.ttf in Resources */,
				359F1F7AD7D84A88A7ACEF94 /* FontAwesome5_Regular.ttf in Resources */,
				EFB22AA7BEEA40A9AA433589 /* FontAwesome5_Solid.ttf in Resources */,
				8D49D0B9966044C091274E4A /* Fontisto.ttf in Resources */,
				9C0626E8F55E43509449C646 /* Foundation.ttf in Resources */,
				3169057ABCDE4BA4A788FBAE /* Ionicons.ttf in Resources */,
				4234EF919DB74477A31F025E /* MaterialCommunityIcons.ttf in Resources */,
				FF801EC7460F4143B3A8CD06 /* MaterialIcons.ttf in Resources */,
				A1FFA8FC33A94FD7B7556D5E /* Octicons.ttf in Resources */,
				E1B74673252442B3B3E07C78 /* SimpleLineIcons.ttf in Resources */,
				06086FF4230C00A200994F22 /* GoogleService-Info.plist in Resources */,
				DFBBB2545C664E0598C97DF4 /* Zocial.ttf in Resources */,
				5FC7A37B14BB42659A79BE1B /* Avenir-Medium.ttf in Resources */,
				973D81CE28AD47B69D2C4588 /* Avenir-Book.ttf in Resources */,
				3F6AC3C1CA4941AABE36D414 /* ProximaNova-SemiBold.otf in Resources */,
				0E17AB25703F4ED6B5313410 /* Avenir-Light.ttf in Resources */,
			);
			runOnlyForDeploymentPostprocessing = 0;
		};
/* End PBXResourcesBuildPhase section */

/* Begin PBXShellScriptBuildPhase section */
		00DD1BFF1BD5951E006B06BC /* Bundle React Native code and images */ = {
			isa = PBXShellScriptBuildPhase;
			buildActionMask = 2147483647;
			files = (
			);
			inputPaths = (
			);
			name = "Bundle React Native code and images";
			outputPaths = (
			);
			runOnlyForDeploymentPostprocessing = 0;
			shellPath = /bin/sh;
			shellScript = "export NODE_BINARY=node\n../node_modules/react-native/scripts/react-native-xcode.sh\n";
		};
		3402EC19C37B2F6789ED78D7 /* [CP] Copy Pods Resources */ = {
			isa = PBXShellScriptBuildPhase;
			buildActionMask = 8;
			files = (
			);
			inputPaths = (
				"${PODS_ROOT}/Target Support Files/Pods-klit/Pods-klit-resources.sh",
				"${PODS_ROOT}/../../node_modules/react-native-vector-icons/Fonts/AntDesign.ttf",
				"${PODS_ROOT}/../../node_modules/react-native-vector-icons/Fonts/Entypo.ttf",
				"${PODS_ROOT}/../../node_modules/react-native-vector-icons/Fonts/EvilIcons.ttf",
				"${PODS_ROOT}/../../node_modules/react-native-vector-icons/Fonts/Feather.ttf",
				"${PODS_ROOT}/../../node_modules/react-native-vector-icons/Fonts/FontAwesome.ttf",
				"${PODS_ROOT}/../../node_modules/react-native-vector-icons/Fonts/FontAwesome5_Brands.ttf",
				"${PODS_ROOT}/../../node_modules/react-native-vector-icons/Fonts/FontAwesome5_Regular.ttf",
				"${PODS_ROOT}/../../node_modules/react-native-vector-icons/Fonts/FontAwesome5_Solid.ttf",
				"${PODS_ROOT}/../../node_modules/react-native-vector-icons/Fonts/Fontisto.ttf",
				"${PODS_ROOT}/../../node_modules/react-native-vector-icons/Fonts/Foundation.ttf",
				"${PODS_ROOT}/../../node_modules/react-native-vector-icons/Fonts/Ionicons.ttf",
				"${PODS_ROOT}/../../node_modules/react-native-vector-icons/Fonts/MaterialCommunityIcons.ttf",
				"${PODS_ROOT}/../../node_modules/react-native-vector-icons/Fonts/MaterialIcons.ttf",
				"${PODS_ROOT}/../../node_modules/react-native-vector-icons/Fonts/Octicons.ttf",
				"${PODS_ROOT}/../../node_modules/react-native-vector-icons/Fonts/SimpleLineIcons.ttf",
				"${PODS_ROOT}/../../node_modules/react-native-vector-icons/Fonts/Zocial.ttf",
				"${PODS_CONFIGURATION_BUILD_DIR}/Stripe/Stripe.bundle",
				"${PODS_CONFIGURATION_BUILD_DIR}/gRPC-C++/gRPCCertificates-Cpp.bundle",
			);
			name = "[CP] Copy Pods Resources";
			outputPaths = (
				"${TARGET_BUILD_DIR}/${UNLOCALIZED_RESOURCES_FOLDER_PATH}/AntDesign.ttf",
				"${TARGET_BUILD_DIR}/${UNLOCALIZED_RESOURCES_FOLDER_PATH}/Entypo.ttf",
				"${TARGET_BUILD_DIR}/${UNLOCALIZED_RESOURCES_FOLDER_PATH}/EvilIcons.ttf",
				"${TARGET_BUILD_DIR}/${UNLOCALIZED_RESOURCES_FOLDER_PATH}/Feather.ttf",
				"${TARGET_BUILD_DIR}/${UNLOCALIZED_RESOURCES_FOLDER_PATH}/FontAwesome.ttf",
				"${TARGET_BUILD_DIR}/${UNLOCALIZED_RESOURCES_FOLDER_PATH}/FontAwesome5_Brands.ttf",
				"${TARGET_BUILD_DIR}/${UNLOCALIZED_RESOURCES_FOLDER_PATH}/FontAwesome5_Regular.ttf",
				"${TARGET_BUILD_DIR}/${UNLOCALIZED_RESOURCES_FOLDER_PATH}/FontAwesome5_Solid.ttf",
				"${TARGET_BUILD_DIR}/${UNLOCALIZED_RESOURCES_FOLDER_PATH}/Fontisto.ttf",
				"${TARGET_BUILD_DIR}/${UNLOCALIZED_RESOURCES_FOLDER_PATH}/Foundation.ttf",
				"${TARGET_BUILD_DIR}/${UNLOCALIZED_RESOURCES_FOLDER_PATH}/Ionicons.ttf",
				"${TARGET_BUILD_DIR}/${UNLOCALIZED_RESOURCES_FOLDER_PATH}/MaterialCommunityIcons.ttf",
				"${TARGET_BUILD_DIR}/${UNLOCALIZED_RESOURCES_FOLDER_PATH}/MaterialIcons.ttf",
				"${TARGET_BUILD_DIR}/${UNLOCALIZED_RESOURCES_FOLDER_PATH}/Octicons.ttf",
				"${TARGET_BUILD_DIR}/${UNLOCALIZED_RESOURCES_FOLDER_PATH}/SimpleLineIcons.ttf",
				"${TARGET_BUILD_DIR}/${UNLOCALIZED_RESOURCES_FOLDER_PATH}/Zocial.ttf",
				"${TARGET_BUILD_DIR}/${UNLOCALIZED_RESOURCES_FOLDER_PATH}/Stripe.bundle",
				"${TARGET_BUILD_DIR}/${UNLOCALIZED_RESOURCES_FOLDER_PATH}/gRPCCertificates-Cpp.bundle",
			);
			runOnlyForDeploymentPostprocessing = 1;
			shellPath = /bin/sh;
			shellScript = "\"${PODS_ROOT}/Target Support Files/Pods-klit/Pods-klit-resources.sh\"\n";
			showEnvVarsInLog = 0;
		};
		A4ADDDE0686B7955645333C8 /* [CP] Check Pods Manifest.lock */ = {
			isa = PBXShellScriptBuildPhase;
			buildActionMask = 2147483647;
			files = (
			);
			inputFileListPaths = (
			);
			inputPaths = (
				"${PODS_PODFILE_DIR_PATH}/Podfile.lock",
				"${PODS_ROOT}/Manifest.lock",
			);
			name = "[CP] Check Pods Manifest.lock";
			outputFileListPaths = (
			);
			outputPaths = (
				"$(DERIVED_FILE_DIR)/Pods-klit-checkManifestLockResult.txt",
			);
			runOnlyForDeploymentPostprocessing = 0;
			shellPath = /bin/sh;
			shellScript = "diff \"${PODS_PODFILE_DIR_PATH}/Podfile.lock\" \"${PODS_ROOT}/Manifest.lock\" > /dev/null\nif [ $? != 0 ] ; then\n    # print error to STDERR\n    echo \"error: The sandbox is not in sync with the Podfile.lock. Run 'pod install' or update your CocoaPods installation.\" >&2\n    exit 1\nfi\n# This output is used by Xcode 'outputs' to avoid re-running this script phase.\necho \"SUCCESS\" > \"${SCRIPT_OUTPUT_FILE_0}\"\n";
			showEnvVarsInLog = 0;
		};
		FD10A7F022414F080027D42C /* Start Packager */ = {
			isa = PBXShellScriptBuildPhase;
			buildActionMask = 2147483647;
			files = (
			);
			inputFileListPaths = (
			);
			inputPaths = (
			);
			name = "Start Packager";
			outputFileListPaths = (
			);
			outputPaths = (
			);
			runOnlyForDeploymentPostprocessing = 0;
			shellPath = /bin/sh;
			shellScript = "export RCT_METRO_PORT=\"${RCT_METRO_PORT:=8081}\"\necho \"export RCT_METRO_PORT=${RCT_METRO_PORT}\" > \"${SRCROOT}/../node_modules/react-native/scripts/.packager.env\"\nif [ -z \"${RCT_NO_LAUNCH_PACKAGER+xxx}\" ] ; then\n  if nc -w 5 -z localhost ${RCT_METRO_PORT} ; then\n    if ! curl -s \"http://localhost:${RCT_METRO_PORT}/status\" | grep -q \"packager-status:running\" ; then\n      echo \"Port ${RCT_METRO_PORT} already in use, packager is either not running or not running correctly\"\n      exit 2\n    fi\n  else\n    open \"$SRCROOT/../node_modules/react-native/scripts/launchPackager.command\" || echo \"Can't start packager automatically\"\n  fi\nfi\n";
			showEnvVarsInLog = 0;
		};
/* End PBXShellScriptBuildPhase section */

/* Begin PBXSourcesBuildPhase section */
		13B07F871A680F5B00A75B9A /* Sources */ = {
			isa = PBXSourcesBuildPhase;
			buildActionMask = 2147483647;
			files = (
				13B07FBC1A68108700A75B9A /* AppDelegate.m in Sources */,
				13B07FC11A68108700A75B9A /* main.m in Sources */,
				0673138022FAB91D0060C566 /* RCTSplashScreen.m in Sources */,
				E87783692472F1AD00C5F75E /* AppInstallDateManager.m in Sources */,
			);
			runOnlyForDeploymentPostprocessing = 0;
		};
/* End PBXSourcesBuildPhase section */

/* Begin XCBuildConfiguration section */
		13B07F941A680F5B00A75B9A /* Debug */ = {
			isa = XCBuildConfiguration;
			baseConfigurationReference = 759FEB42B1C3CAE12C64F797 /* Pods-klit.debug.xcconfig */;
			buildSettings = {
				ASSETCATALOG_COMPILER_APPICON_NAME = AppIcon;
				CODE_SIGN_ENTITLEMENTS = klit/klit.entitlements;
				CODE_SIGN_IDENTITY = "iPhone Distribution";
				CODE_SIGN_STYLE = Manual;
				CURRENT_PROJECT_VERSION = 9;
				DEAD_CODE_STRIPPING = NO;
				DEVELOPMENT_TEAM = P8NZSAW4X8;
				FRAMEWORK_SEARCH_PATHS = (
					"$(inherited)",
					"$(PROJECT_DIR)",
					"/Users/aaronelkins/Documents/FacebookSDKs-iOS-4.40.0",
				);
				HEADER_SEARCH_PATHS = (
					"$(inherited)",
					"\"${PODS_ROOT}/Headers/Public\"",
					"\"${PODS_ROOT}/Headers/Public/DoubleConversion\"",
					"\"${PODS_ROOT}/Headers/Public/React-Core\"",
					"\"${PODS_ROOT}/Headers/Public/React-DevSupport\"",
					"\"${PODS_ROOT}/Headers/Public/React-RCTActionSheet\"",
					"\"${PODS_ROOT}/Headers/Public/React-RCTAnimation\"",
					"\"${PODS_ROOT}/Headers/Public/React-RCTBlob\"",
					"\"${PODS_ROOT}/Headers/Public/React-RCTImage\"",
					"\"${PODS_ROOT}/Headers/Public/React-RCTLinking\"",
					"\"${PODS_ROOT}/Headers/Public/React-RCTNetwork\"",
					"\"${PODS_ROOT}/Headers/Public/React-RCTSettings\"",
					"\"${PODS_ROOT}/Headers/Public/React-RCTText\"",
					"\"${PODS_ROOT}/Headers/Public/React-RCTVibration\"",
					"\"${PODS_ROOT}/Headers/Public/React-RCTWebSocket\"",
					"\"${PODS_ROOT}/Headers/Public/React-cxxreact\"",
					"\"${PODS_ROOT}/Headers/Public/React-fishhook\"",
					"\"${PODS_ROOT}/Headers/Public/React-jsi\"",
					"\"${PODS_ROOT}/Headers/Public/React-jsiexecutor\"",
					"\"${PODS_ROOT}/Headers/Public/React-jsinspector\"",
					"\"${PODS_ROOT}/Headers/Public/glog\"",
					"\"${PODS_ROOT}/Headers/Public/yoga\"",
					"$(SRCROOT)/../node_modules/react-native-smart-splash-screen/ios/RCTSplashScreen/RCTSplashScreen/**",
				);
				INFOPLIST_FILE = klit/Info.plist;
				IPHONEOS_DEPLOYMENT_TARGET = 10.0;
				LD_RUNPATH_SEARCH_PATHS = "$(inherited) @executable_path/Frameworks";
				MARKETING_VERSION = 1.3;
				OTHER_LDFLAGS = (
					"$(inherited)",
					"-ObjC",
					"-lc++",
				);
				PRODUCT_BUNDLE_IDENTIFIER = com.klit;
				PRODUCT_NAME = klit;
				PROVISIONING_PROFILE_SPECIFIER = KliitHealthAdHocPP;
				TARGETED_DEVICE_FAMILY = 1;
				VERSIONING_SYSTEM = "apple-generic";
			};
			name = Debug;
		};
		13B07F951A680F5B00A75B9A /* Release */ = {
			isa = XCBuildConfiguration;
			baseConfigurationReference = E35F831E85E9DE308C6F2AF0 /* Pods-klit.release.xcconfig */;
			buildSettings = {
				ASSETCATALOG_COMPILER_APPICON_NAME = AppIcon;
				CODE_SIGN_ENTITLEMENTS = klit/klit.entitlements;
				CODE_SIGN_IDENTITY = "iPhone Distribution";
				CODE_SIGN_STYLE = Manual;
				CURRENT_PROJECT_VERSION = 9;
				DEVELOPMENT_TEAM = P8NZSAW4X8;
				FRAMEWORK_SEARCH_PATHS = (
					"$(inherited)",
					"$(PROJECT_DIR)",
					"/Users/aaronelkins/Documents/FacebookSDKs-iOS-4.40.0",
				);
				HEADER_SEARCH_PATHS = (
					"$(inherited)",
					"\"${PODS_ROOT}/Headers/Public\"",
					"\"${PODS_ROOT}/Headers/Public/DoubleConversion\"",
					"\"${PODS_ROOT}/Headers/Public/React-Core\"",
					"\"${PODS_ROOT}/Headers/Public/React-DevSupport\"",
					"\"${PODS_ROOT}/Headers/Public/React-RCTActionSheet\"",
					"\"${PODS_ROOT}/Headers/Public/React-RCTAnimation\"",
					"\"${PODS_ROOT}/Headers/Public/React-RCTBlob\"",
					"\"${PODS_ROOT}/Headers/Public/React-RCTImage\"",
					"\"${PODS_ROOT}/Headers/Public/React-RCTLinking\"",
					"\"${PODS_ROOT}/Headers/Public/React-RCTNetwork\"",
					"\"${PODS_ROOT}/Headers/Public/React-RCTSettings\"",
					"\"${PODS_ROOT}/Headers/Public/React-RCTText\"",
					"\"${PODS_ROOT}/Headers/Public/React-RCTVibration\"",
					"\"${PODS_ROOT}/Headers/Public/React-RCTWebSocket\"",
					"\"${PODS_ROOT}/Headers/Public/React-cxxreact\"",
					"\"${PODS_ROOT}/Headers/Public/React-fishhook\"",
					"\"${PODS_ROOT}/Headers/Public/React-jsi\"",
					"\"${PODS_ROOT}/Headers/Public/React-jsiexecutor\"",
					"\"${PODS_ROOT}/Headers/Public/React-jsinspector\"",
					"\"${PODS_ROOT}/Headers/Public/glog\"",
					"\"${PODS_ROOT}/Headers/Public/yoga\"",
					"$(SRCROOT)/../node_modules/react-native-smart-splash-screen/ios/RCTSplashScreen/RCTSplashScreen/**",
				);
				INFOPLIST_FILE = klit/Info.plist;
				IPHONEOS_DEPLOYMENT_TARGET = 10.0;
				LD_RUNPATH_SEARCH_PATHS = "$(inherited) @executable_path/Frameworks";
				MARKETING_VERSION = 1.3;
				OTHER_LDFLAGS = (
					"$(inherited)",
					"-ObjC",
					"-lc++",
				);
				PRODUCT_BUNDLE_IDENTIFIER = com.klit;
				PRODUCT_NAME = klit;
				PROVISIONING_PROFILE_SPECIFIER = KliitHealthAppStorePP;
				TARGETED_DEVICE_FAMILY = 1;
				VERSIONING_SYSTEM = "apple-generic";
			};
			name = Release;
		};
		83CBBA201A601CBA00E9B192 /* Debug */ = {
			isa = XCBuildConfiguration;
			buildSettings = {
				ALWAYS_SEARCH_USER_PATHS = NO;
				CLANG_ANALYZER_LOCALIZABILITY_NONLOCALIZED = YES;
				CLANG_CXX_LANGUAGE_STANDARD = "gnu++0x";
				CLANG_CXX_LIBRARY = "libc++";
				CLANG_ENABLE_MODULES = YES;
				CLANG_ENABLE_OBJC_ARC = YES;
				CLANG_WARN_BLOCK_CAPTURE_AUTORELEASING = YES;
				CLANG_WARN_BOOL_CONVERSION = YES;
				CLANG_WARN_COMMA = YES;
				CLANG_WARN_CONSTANT_CONVERSION = YES;
				CLANG_WARN_DEPRECATED_OBJC_IMPLEMENTATIONS = YES;
				CLANG_WARN_DIRECT_OBJC_ISA_USAGE = YES_ERROR;
				CLANG_WARN_EMPTY_BODY = YES;
				CLANG_WARN_ENUM_CONVERSION = YES;
				CLANG_WARN_INFINITE_RECURSION = YES;
				CLANG_WARN_INT_CONVERSION = YES;
				CLANG_WARN_NON_LITERAL_NULL_CONVERSION = YES;
				CLANG_WARN_OBJC_IMPLICIT_RETAIN_SELF = YES;
				CLANG_WARN_OBJC_LITERAL_CONVERSION = YES;
				CLANG_WARN_OBJC_ROOT_CLASS = YES_ERROR;
				CLANG_WARN_RANGE_LOOP_ANALYSIS = YES;
				CLANG_WARN_STRICT_PROTOTYPES = YES;
				CLANG_WARN_SUSPICIOUS_MOVE = YES;
				CLANG_WARN_UNREACHABLE_CODE = YES;
				CLANG_WARN__DUPLICATE_METHOD_MATCH = YES;
				"CODE_SIGN_IDENTITY[sdk=iphoneos*]" = "iPhone Developer";
				COPY_PHASE_STRIP = NO;
				ENABLE_STRICT_OBJC_MSGSEND = YES;
				ENABLE_TESTABILITY = YES;
				GCC_C_LANGUAGE_STANDARD = gnu99;
				GCC_DYNAMIC_NO_PIC = NO;
				GCC_NO_COMMON_BLOCKS = YES;
				GCC_OPTIMIZATION_LEVEL = 0;
				GCC_PREPROCESSOR_DEFINITIONS = (
					"DEBUG=1",
					"$(inherited)",
				);
				GCC_SYMBOLS_PRIVATE_EXTERN = NO;
				GCC_WARN_64_TO_32_BIT_CONVERSION = YES;
				GCC_WARN_ABOUT_RETURN_TYPE = YES_ERROR;
				GCC_WARN_UNDECLARED_SELECTOR = YES;
				GCC_WARN_UNINITIALIZED_AUTOS = YES_AGGRESSIVE;
				GCC_WARN_UNUSED_FUNCTION = YES;
				GCC_WARN_UNUSED_VARIABLE = YES;
				IPHONEOS_DEPLOYMENT_TARGET = 9.0;
				MTL_ENABLE_DEBUG_INFO = YES;
				ONLY_ACTIVE_ARCH = YES;
				SDKROOT = iphoneos;
			};
			name = Debug;
		};
		83CBBA211A601CBA00E9B192 /* Release */ = {
			isa = XCBuildConfiguration;
			buildSettings = {
				ALWAYS_SEARCH_USER_PATHS = NO;
				CLANG_ANALYZER_LOCALIZABILITY_NONLOCALIZED = YES;
				CLANG_CXX_LANGUAGE_STANDARD = "gnu++0x";
				CLANG_CXX_LIBRARY = "libc++";
				CLANG_ENABLE_MODULES = YES;
				CLANG_ENABLE_OBJC_ARC = YES;
				CLANG_WARN_BLOCK_CAPTURE_AUTORELEASING = YES;
				CLANG_WARN_BOOL_CONVERSION = YES;
				CLANG_WARN_COMMA = YES;
				CLANG_WARN_CONSTANT_CONVERSION = YES;
				CLANG_WARN_DEPRECATED_OBJC_IMPLEMENTATIONS = YES;
				CLANG_WARN_DIRECT_OBJC_ISA_USAGE = YES_ERROR;
				CLANG_WARN_EMPTY_BODY = YES;
				CLANG_WARN_ENUM_CONVERSION = YES;
				CLANG_WARN_INFINITE_RECURSION = YES;
				CLANG_WARN_INT_CONVERSION = YES;
				CLANG_WARN_NON_LITERAL_NULL_CONVERSION = YES;
				CLANG_WARN_OBJC_IMPLICIT_RETAIN_SELF = YES;
				CLANG_WARN_OBJC_LITERAL_CONVERSION = YES;
				CLANG_WARN_OBJC_ROOT_CLASS = YES_ERROR;
				CLANG_WARN_RANGE_LOOP_ANALYSIS = YES;
				CLANG_WARN_STRICT_PROTOTYPES = YES;
				CLANG_WARN_SUSPICIOUS_MOVE = YES;
				CLANG_WARN_UNREACHABLE_CODE = YES;
				CLANG_WARN__DUPLICATE_METHOD_MATCH = YES;
				"CODE_SIGN_IDENTITY[sdk=iphoneos*]" = "iPhone Developer";
				COPY_PHASE_STRIP = YES;
				ENABLE_NS_ASSERTIONS = NO;
				ENABLE_STRICT_OBJC_MSGSEND = YES;
				GCC_C_LANGUAGE_STANDARD = gnu99;
				GCC_NO_COMMON_BLOCKS = YES;
				GCC_WARN_64_TO_32_BIT_CONVERSION = YES;
				GCC_WARN_ABOUT_RETURN_TYPE = YES_ERROR;
				GCC_WARN_UNDECLARED_SELECTOR = YES;
				GCC_WARN_UNINITIALIZED_AUTOS = YES_AGGRESSIVE;
				GCC_WARN_UNUSED_FUNCTION = YES;
				GCC_WARN_UNUSED_VARIABLE = YES;
				IPHONEOS_DEPLOYMENT_TARGET = 9.0;
				MTL_ENABLE_DEBUG_INFO = NO;
				SDKROOT = iphoneos;
				VALIDATE_PRODUCT = YES;
			};
			name = Release;
		};
/* End XCBuildConfiguration section */

/* Begin XCConfigurationList section */
		13B07F931A680F5B00A75B9A /* Build configuration list for PBXNativeTarget "klit" */ = {
			isa = XCConfigurationList;
			buildConfigurations = (
				13B07F941A680F5B00A75B9A /* Debug */,
				13B07F951A680F5B00A75B9A /* Release */,
			);
			defaultConfigurationIsVisible = 0;
			defaultConfigurationName = Release;
		};
		83CBB9FA1A601CBA00E9B192 /* Build configuration list for PBXProject "klit" */ = {
			isa = XCConfigurationList;
			buildConfigurations = (
				83CBBA201A601CBA00E9B192 /* Debug */,
				83CBBA211A601CBA00E9B192 /* Release */,
			);
			defaultConfigurationIsVisible = 0;
			defaultConfigurationName = Release;
		};
/* End XCConfigurationList section */
	};
	rootObject = 83CBB9F71A601CBA00E9B192 /* Project object */;
}
